{
  "name": "vfx-lib",
  "version": "1.0.0",
  "lockfileVersion": 1,
  "requires": true,
  "dependencies": {
    "scrollmagic": {
      "version": "2.0.6",
      "resolved": "https://registry.npmjs.org/scrollmagic/-/scrollmagic-2.0.6.tgz",
      "integrity": "sha512-uH4Z/NggT50MD3iOTOa6/B9n9+WkMpKGrVj3NuRRg2WoKaaZXCXx8EgKJBmH3SzRKHYHbZ3NJDPQ2AOhXlsTuw==",
      "dev": true
    }
  }
}
